// !$*UTF8*$!
{
	archiveVersion = 1;
	classes = {
	};
	objectVersion = 56;
	objects = {

/* Begin PBXBuildFile section */
		B51391CA2C580057000CCBC5 /* FilteringQueryUsingPredicateApp.swift in Sources */ = {isa = PBXBuildFile; fileRef = B51391C92C580057000CCBC5 /* FilteringQueryUsingPredicateApp.swift */; };
		B51391CC2C580057000CCBC5 /* ContentView.swift in Sources */ = {isa = PBXBuildFile; fileRef = B51391CB2C580057000CCBC5 /* ContentView.swift */; };
		B51391CE2C58005A000CCBC5 /* Assets.xcassets in Resources */ = {isa = PBXBuildFile; fileRef = B51391CD2C58005A000CCBC5 /* Assets.xcassets */; };
		B51391D12C58005A000CCBC5 /* Preview Assets.xcassets in Resources */ = {isa = PBXBuildFile; fileRef = B51391D02C58005A000CCBC5 /* Preview Assets.xcassets */; };
		B51391D82C58007C000CCBC5 /* User.swift in Sources */ = {isa = PBXBuildFile; fileRef = B51391D72C58007C000CCBC5 /* User.swift */; };
		B51391DA2C58F1BD000CCBC5 /* UsersView.swift in Sources */ = {isa = PBXBuildFile; fileRef = B51391D92C58F1BD000CCBC5 /* UsersView.swift */; };
		B51391DC2C5918B1000CCBC5 /* Job.swift in Sources */ = {isa = PBXBuildFile; fileRef = B51391DB2C5918B1000CCBC5 /* Job.swift */; };
/* End PBXBuildFile section */

/* Begin PBXFileReference section */
		B51391C62C580057000CCBC5 /* FilteringQueryUsingPredicate.app */ = {isa = PBXFileReference; explicitFileType = wrapper.application; includeInIndex = 0; path = FilteringQueryUsingPredicate.app; sourceTree = BUILT_PRODUCTS_DIR; };
		B51391C92C580057000CCBC5 /* FilteringQueryUsingPredicateApp.swift */ = {isa = PBXFileReference; lastKnownFileType = sourcecode.swift; path = FilteringQueryUsingPredicateApp.swift; sourceTree = "<group>"; };
		B51391CB2C580057000CCBC5 /* ContentView.swift */ = {isa = PBXFileReference; lastKnownFileType = sourcecode.swift; path = ContentView.swift; sourceTree = "<group>"; };
		B51391CD2C58005A000CCBC5 /* Assets.xcassets */ = {isa = PBXFileReference; lastKnownFileType = folder.assetcatalog; path = Assets.xcassets; sourceTree = "<group>"; };
		B51391D02C58005A000CCBC5 /* Preview Assets.xcassets */ = {isa = PBXFileReference; lastKnownFileType = folder.assetcatalog; path = "Preview Assets.xcassets"; sourceTree = "<group>"; };
		B51391D72C58007C000CCBC5 /* User.swift */ = {isa = PBXFileReference; lastKnownFileType = sourcecode.swift; path = User.swift; sourceTree = "<group>"; };
		B51391D92C58F1BD000CCBC5 /* UsersView.swift */ = {isa = PBXFileReference; lastKnownFileType = sourcecode.swift; path = UsersView.swift; sourceTree = "<group>"; };
		B51391DB2C5918B1000CCBC5 /* Job.swift */ = {isa = PBXFileReference; lastKnownFileType = sourcecode.swift; path = Job.swift; sourceTree = "<group>"; };
		B51391DD2C591EEE000CCBC5 /* FilteringQueryUsingPredicate.entitlements */ = {isa = PBXFileReference; lastKnownFileType = text.plist.entitlements; path = FilteringQueryUsingPredicate.entitlements; sourceTree = "<group>"; };
		B51391DE2C59205E000CCBC5 /* Info.plist */ = {isa = PBXFileReference; lastKnownFileType = text.plist; path = Info.plist; sourceTree = "<group>"; };
/* End PBXFileReference section */

/* Begin PBXFrameworksBuildPhase section */
		B51391C32C580057000CCBC5 /* Frameworks */ = {
			isa = PBXFrameworksBuildPhase;
			buildActionMask = 2147483647;
			files = (
			);
			runOnlyForDeploymentPostprocessing = 0;
		};
/* End PBXFrameworksBuildPhase section */

/* Begin PBXGroup section */
		B51391BD2C580057000CCBC5 = {
			isa = PBXGroup;
			children = (
				B51391C82C580057000CCBC5 /* FilteringQueryUsingPredicate */,
				B51391C72C580057000CCBC5 /* Products */,
			);
			sourceTree = "<group>";
		};
		B51391C72C580057000CCBC5 /* Products */ = {
			isa = PBXGroup;
			children = (
				B51391C62C580057000CCBC5 /* FilteringQueryUsingPredicate.app */,
			);
			name = Products;
			sourceTree = "<group>";
		};
		B51391C82C580057000CCBC5 /* FilteringQueryUsingPredicate */ = {
			isa = PBXGroup;
			children = (
				B51391DE2C59205E000CCBC5 /* Info.plist */,
				B51391DD2C591EEE000CCBC5 /* FilteringQueryUsingPredicate.entitlements */,
				B51391C92C580057000CCBC5 /* FilteringQueryUsingPredicateApp.swift */,
				B51391CB2C580057000CCBC5 /* ContentView.swift */,
				B51391DB2C5918B1000CCBC5 /* Job.swift */,
				B51391D92C58F1BD000CCBC5 /* UsersView.swift */,
				B51391D72C58007C000CCBC5 /* User.swift */,
				B51391CD2C58005A000CCBC5 /* Assets.xcassets */,
				B51391CF2C58005A000CCBC5 /* Preview Content */,
			);
			path = FilteringQueryUsingPredicate;
			sourceTree = "<group>";
		};
		B51391CF2C58005A000CCBC5 /* Preview Content */ = {
			isa = PBXGroup;
			children = (
				B51391D02C58005A000CCBC5 /* Preview Assets.xcassets */,
			);
			path = "Preview Content";
			sourceTree = "<group>";
		};
/* End PBXGroup section */

/* Begin PBXNativeTarget section */
		B51391C52C580057000CCBC5 /* FilteringQueryUsingPredicate */ = {
			isa = PBXNativeTarget;
			buildConfigurationList = B51391D42C58005A000CCBC5 /* Build configuration list for PBXNativeTarget "FilteringQueryUsingPredicate" */;
			buildPhases = (
				B51391C22C580057000CCBC5 /* Sources */,
				B51391C32C580057000CCBC5 /* Frameworks */,
				B51391C42C580057000CCBC5 /* Resources */,
			);
			buildRules = (
			);
			dependencies = (
			);
			name = FilteringQueryUsingPredicate;
			productName = FilteringQueryUsingPredicate;
			productReference = B51391C62C580057000CCBC5 /* FilteringQueryUsingPredicate.app */;
			productType = "com.apple.product-type.application";
		};
/* End PBXNativeTarget section */

/* Begin PBXProject section */
		B51391BE2C580057000CCBC5 /* Project object */ = {
			isa = PBXProject;
			attributes = {
				BuildIndependentTargetsInParallel = 1;
				LastSwiftUpdateCheck = 1540;
				LastUpgradeCheck = 1540;
				TargetAttributes = {
					B51391C52C580057000CCBC5 = {
						CreatedOnToolsVersion = 15.4;
					};
				};
			};
			buildConfigurationList = B51391C12C580057000CCBC5 /* Build configuration list for PBXProject "FilteringQueryUsingPredicate" */;
			compatibilityVersion = "Xcode 14.0";
			developmentRegion = en;
			hasScannedForEncodings = 0;
			knownRegions = (
				en,
				Base,
			);
			mainGroup = B51391BD2C580057000CCBC5;
			productRefGroup = B51391C72C580057000CCBC5 /* Products */;
			projectDirPath = "";
			projectRoot = "";
			targets = (
				B51391C52C580057000CCBC5 /* FilteringQueryUsingPredicate */,
			);
		};
/* End PBXProject section */

/* Begin PBXResourcesBuildPhase section */
		B51391C42C580057000CCBC5 /* Resources */ = {
			isa = PBXResourcesBuildPhase;
			buildActionMask = 2147483647;
			files = (
				B51391D12C58005A000CCBC5 /* Preview Assets.xcassets in Resources */,
				B51391CE2C58005A000CCBC5 /* Assets.xcassets in Resources */,
			);
			runOnlyForDeploymentPostprocessing = 0;
		};
/* End PBXResourcesBuildPhase section */

/* Begin PBXSourcesBuildPhase section */
		B51391C22C580057000CCBC5 /* Sources */ = {
			isa = PBXSourcesBuildPhase;
			buildActionMask = 2147483647;
			files = (
				B51391CC2C580057000CCBC5 /* ContentView.swift in Sources */,
				B51391CA2C580057000CCBC5 /* FilteringQueryUsingPredicateApp.swift in Sources */,
				B51391D82C58007C000CCBC5 /* User.swift in Sources */,
				B51391DA2C58F1BD000CCBC5 /* UsersView.swift in Sources */,
				B51391DC2C5918B1000CCBC5 /* Job.swift in Sources */,
			);
			runOnlyForDeploymentPostprocessing = 0;
		};
/* End PBXSourcesBuildPhase section */

/* Begin XCBuildConfiguration section */
		B51391D22C58005A000CCBC5 /* Debug */ = {
			isa = XCBuildConfiguration;
			buildSettings = {
				ALWAYS_SEARCH_USER_PATHS = NO;
				ASSETCATALOG_COMPILER_GENERATE_SWIFT_ASSET_SYMBOL_EXTENSIONS = YES;
				CLANG_ANALYZER_NONNULL = YES;
				CLANG_ANALYZER_NUMBER_OBJECT_CONVERSION = YES_AGGRESSIVE;
				CLANG_CXX_LANGUAGE_STANDARD = "gnu++20";
				CLANG_ENABLE_MODULES = YES;
				CLANG_ENABLE_OBJC_ARC = YES;
				CLANG_ENABLE_OBJC_WEAK = YES;
				CLANG_WARN_BLOCK_CAPTURE_AUTORELEASING = YES;
				CLANG_WARN_BOOL_CONVERSION = YES;
				CLANG_WARN_COMMA = YES;
				CLANG_WARN_CONSTANT_CONVERSION = YES;
				CLANG_WARN_DEPRECATED_OBJC_IMPLEMENTATIONS = YES;
				CLANG_WARN_DIRECT_OBJC_ISA_USAGE = YES_ERROR;
				CLANG_WARN_DOCUMENTATION_COMMENTS = YES;
				CLANG_WARN_EMPTY_BODY = YES;
				CLANG_WARN_ENUM_CONVERSION = YES;
				CLANG_WARN_INFINITE_RECURSION = YES;
				CLANG_WARN_INT_CONVERSION = YES;
				CLANG_WARN_NON_LITERAL_NULL_CONVERSION = YES;
				CLANG_WARN_OBJC_IMPLICIT_RETAIN_SELF = YES;
				CLANG_WARN_OBJC_LITERAL_CONVERSION = YES;
				CLANG_WARN_OBJC_ROOT_CLASS = YES_ERROR;
				CLANG_WARN_QUOTED_INCLUDE_IN_FRAMEWORK_HEADER = YES;
				CLANG_WARN_RANGE_LOOP_ANALYSIS = YES;
				CLANG_WARN_STRICT_PROTOTYPES = YES;
				CLANG_WARN_SUSPICIOUS_MOVE = YES;
				CLANG_WARN_UNGUARDED_AVAILABILITY = YES_AGGRESSIVE;
				CLANG_WARN_UNREACHABLE_CODE = YES;
				CLANG_WARN__DUPLICATE_METHOD_MATCH = YES;
				COPY_PHASE_STRIP = NO;
				DEBUG_INFORMATION_FORMAT = dwarf;
				ENABLE_STRICT_OBJC_MSGSEND = YES;
				ENABLE_TESTABILITY = YES;
				ENABLE_USER_SCRIPT_SANDBOXING = YES;
				GCC_C_LANGUAGE_STANDARD = gnu17;
				GCC_DYNAMIC_NO_PIC = NO;
				GCC_NO_COMMON_BLOCKS = YES;
				GCC_OPTIMIZATION_LEVEL = 0;
				GCC_PREPROCESSOR_DEFINITIONS = (
					"DEBUG=1",
					"$(inherited)",
				);
				GCC_WARN_64_TO_32_BIT_CONVERSION = YES;
				GCC_WARN_ABOUT_RETURN_TYPE = YES_ERROR;
				GCC_WARN_UNDECLARED_SELECTOR = YES;
				GCC_WARN_UNINITIALIZED_AUTOS = YES_AGGRESSIVE;
				GCC_WARN_UNUSED_FUNCTION = YES;
				GCC_WARN_UNUSED_VARIABLE = YES;
				IPHONEOS_DEPLOYMENT_TARGET = 17.5;
				LOCALIZATION_PREFERS_STRING_CATALOGS = YES;
				MTL_ENABLE_DEBUG_INFO = INCLUDE_SOURCE;
				MTL_FAST_MATH = YES;
				ONLY_ACTIVE_ARCH = YES;
				SDKROOT = iphoneos;
				SWIFT_ACTIVE_COMPILATION_CONDITIONS = "DEBUG $(inherited)";
				SWIFT_OPTIMIZATION_LEVEL = "-Onone";
			};
			name = Debug;
		};
		B51391D32C58005A000CCBC5 /* Release */ = {
			isa = XCBuildConfiguration;
			buildSettings = {
				ALWAYS_SEARCH_USER_PATHS = NO;
				ASSETCATALOG_COMPILER_GENERATE_SWIFT_ASSET_SYMBOL_EXTENSIONS = YES;
				CLANG_ANALYZER_NONNULL = YES;
				CLANG_ANALYZER_NUMBER_OBJECT_CONVERSION = YES_AGGRESSIVE;
				CLANG_CXX_LANGUAGE_STANDARD = "gnu++20";
				CLANG_ENABLE_MODULES = YES;
				CLANG_ENABLE_OBJC_ARC = YES;
				CLANG_ENABLE_OBJC_WEAK = YES;
				CLANG_WARN_BLOCK_CAPTURE_AUTORELEASING = YES;
				CLANG_WARN_BOOL_CONVERSION = YES;
				CLANG_WARN_COMMA = YES;
				CLANG_WARN_CONSTANT_CONVERSION = YES;
				CLANG_WARN_DEPRECATED_OBJC_IMPLEMENTATIONS = YES;
				CLANG_WARN_DIRECT_OBJC_ISA_USAGE = YES_ERROR;
				CLANG_WARN_DOCUMENTATION_COMMENTS = YES;
				CLANG_WARN_EMPTY_BODY = YES;
				CLANG_WARN_ENUM_CONVERSION = YES;
				CLANG_WARN_INFINITE_RECURSION = YES;
				CLANG_WARN_INT_CONVERSION = YES;
				CLANG_WARN_NON_LITERAL_NULL_CONVERSION = YES;
				CLANG_WARN_OBJC_IMPLICIT_RETAIN_SELF = YES;
				CLANG_WARN_OBJC_LITERAL_CONVERSION = YES;
				CLANG_WARN_OBJC_ROOT_CLASS = YES_ERROR;
				CLANG_WARN_QUOTED_INCLUDE_IN_FRAMEWORK_HEADER = YES;
				CLANG_WARN_RANGE_LOOP_ANALYSIS = YES;
				CLANG_WARN_STRICT_PROTOTYPES = YES;
				CLANG_WARN_SUSPICIOUS_MOVE = YES;
				CLANG_WARN_UNGUARDED_AVAILABILITY = YES_AGGRESSIVE;
				CLANG_WARN_UNREACHABLE_CODE = YES;
				CLANG_WARN__DUPLICATE_METHOD_MATCH = YES;
				COPY_PHASE_STRIP = NO;
				DEBUG_INFORMATION_FORMAT = "dwarf-with-dsym";
				ENABLE_NS_ASSERTIONS = NO;
				ENABLE_STRICT_OBJC_MSGSEND = YES;
				ENABLE_USER_SCRIPT_SANDBOXING = YES;
				GCC_C_LANGUAGE_STANDARD = gnu17;
				GCC_NO_COMMON_BLOCKS = YES;
				GCC_WARN_64_TO_32_BIT_CONVERSION = YES;
				GCC_WARN_ABOUT_RETURN_TYPE = YES_ERROR;
				GCC_WARN_UNDECLARED_SELECTOR = YES;
				GCC_WARN_UNINITIALIZED_AUTOS = YES_AGGRESSIVE;
				GCC_WARN_UNUSED_FUNCTION = YES;
				GCC_WARN_UNUSED_VARIABLE = YES;
				IPHONEOS_DEPLOYMENT_TARGET = 17.5;
				LOCALIZATION_PREFERS_STRING_CATALOGS = YES;
				MTL_ENABLE_DEBUG_INFO = NO;
				MTL_FAST_MATH = YES;
				SDKROOT = iphoneos;
				SWIFT_COMPILATION_MODE = wholemodule;
				VALIDATE_PRODUCT = YES;
			};
			name = Release;
		};
		B51391D52C58005A000CCBC5 /* Debug */ = {
			isa = XCBuildConfiguration;
			buildSettings = {
				ASSETCATALOG_COMPILER_APPICON_NAME = AppIcon;
				ASSETCATALOG_COMPILER_GLOBAL_ACCENT_COLOR_NAME = AccentColor;
				CODE_SIGN_ENTITLEMENTS = FilteringQueryUsingPredicate/FilteringQueryUsingPredicate.entitlements;
				CODE_SIGN_STYLE = Automatic;
				CURRENT_PROJECT_VERSION = 1;
				DEVELOPMENT_ASSET_PATHS = "\"FilteringQueryUsingPredicate/Preview Content\"";
				DEVELOPMENT_TEAM = QGN945XQUG;
				ENABLE_PREVIEWS = YES;
				GENERATE_INFOPLIST_FILE = YES;
				INFOPLIST_FILE = FilteringQueryUsingPredicate/Info.plist;
				INFOPLIST_KEY_UIApplicationSceneManifest_Generation = YES;
				INFOPLIST_KEY_UIApplicationSupportsIndirectInputEvents = YES;
				INFOPLIST_KEY_UILaunchScreen_Generation = YES;
				INFOPLIST_KEY_UISupportedInterfaceOrientations_iPad = "UIInterfaceOrientationPortrait UIInterfaceOrientationPortraitUpsideDown UIInterfaceOrientationLandscapeLeft UIInterfaceOrientationLandscapeRight";
				INFOPLIST_KEY_UISupportedInterfaceOrientations_iPhone = "UIInterfaceOrientationPortrait UIInterfaceOrientationLandscapeLeft UIInterfaceOrientationLandscapeRight";
				LD_RUNPATH_SEARCH_PATHS = (
					"$(inherited)",
					"@executable_path/Frameworks",
				);
				MARKETING_VERSION = 1.0;
				PRODUCT_BUNDLE_IDENTIFIER = Anastasiia.FilteringQueryUsingPredicate;
				PRODUCT_NAME = "$(TARGET_NAME)";
				SWIFT_EMIT_LOC_STRINGS = YES;
				SWIFT_VERSION = 5.0;
				TARGETED_DEVICE_FAMILY = "1,2";
			};
			name = Debug;
		};
		B51391D62C58005A000CCBC5 /* Release */ = {
			isa = XCBuildConfiguration;
			buildSettings = {
				ASSETCATALOG_COMPILER_APPICON_NAME = AppIcon;
				ASSETCATALOG_COMPILER_GLOBAL_ACCENT_COLOR_NAME = AccentColor;
				CODE_SIGN_ENTITLEMENTS = FilteringQueryUsingPredicate/FilteringQueryUsingPredicate.entitlements;
				CODE_SIGN_STYLE = Automatic;
				CURRENT_PROJECT_VERSION = 1;
				DEVELOPMENT_ASSET_PATHS = "\"FilteringQueryUsingPredicate/Preview Content\"";
				DEVELOPMENT_TEAM = QGN945XQUG;
				ENABLE_PREVIEWS = YES;
				GENERATE_INFOPLIST_FILE = YES;
				INFOPLIST_FILE = FilteringQueryUsingPredicate/Info.plist;
				INFOPLIST_KEY_UIApplicationSceneManifest_Generation = YES;
				INFOPLIST_KEY_UIApplicationSupportsIndirectInputEvents = YES;
				INFOPLIST_KEY_UILaunchScreen_Generation = YES;
				INFOPLIST_KEY_UISupportedInterfaceOrientations_iPad = "UIInterfaceOrientationPortrait UIInterfaceOrientationPortraitUpsideDown UIInterfaceOrientationLandscapeLeft UIInterfaceOrientationLandscapeRight";
				INFOPLIST_KEY_UISupportedInterfaceOrientations_iPhone = "UIInterfaceOrientationPortrait UIInterfaceOrientationLandscapeLeft UIInterfaceOrientationLandscapeRight";
				LD_RUNPATH_SEARCH_PATHS = (
					"$(inherited)",
					"@executable_path/Frameworks",
				);
				MARKETING_VERSION = 1.0;
				PRODUCT_BUNDLE_IDENTIFIER = Anastasiia.FilteringQueryUsingPredicate;
				PRODUCT_NAME = "$(TARGET_NAME)";
				SWIFT_EMIT_LOC_STRINGS = YES;
				SWIFT_VERSION = 5.0;
				TARGETED_DEVICE_FAMILY = "1,2";
			};
			name = Release;
		};
/* End XCBuildConfiguration section */

/* Begin XCConfigurationList section */
		B51391C12C580057000CCBC5 /* Build configuration list for PBXProject "FilteringQueryUsingPredicate" */ = {
			isa = XCConfigurationList;
			buildConfigurations = (
				B51391D22C58005A000CCBC5 /* Debug */,
				B51391D32C58005A000CCBC5 /* Release */,
			);
			defaultConfigurationIsVisible = 0;
			defaultConfigurationName = Release;
		};
		B51391D42C58005A000CCBC5 /* Build configuration list for PBXNativeTarget "FilteringQueryUsingPredicate" */ = {
			isa = XCConfigurationList;
			buildConfigurations = (
				B51391D52C58005A000CCBC5 /* Debug */,
				B51391D62C58005A000CCBC5 /* Release */,
			);
			defaultConfigurationIsVisible = 0;
			defaultConfigurationName = Release;
		};
/* End XCConfigurationList section */
	};
	rootObject = B51391BE2C580057000CCBC5 /* Project object */;
}
